# This file is automatically @generated by Cargo.
# It is not intended for manual editing.
version = 4

[[package]]
name = "lc-0001-twosum"
version = "0.1.0"

[[package]]
name = "lc-0002-addtwonumbers"
version = "0.1.0"

[[package]]
name = "lc-0011-mostwater"
version = "0.1.0"

[[package]]
name = "lc-0026-remove-duplicates-sorted"
version = "0.1.0"

[[package]]
name = "lc-0027-remove-element"
version = "0.1.0"

[[package]]
name = "lc-0088-merge-sorted-array"
version = "0.1.0"

[[package]]
name = "lc-0169-majority-element"
version = "0.1.0"

[[package]]
name = "lc-0432-all-one-data-structure"
version = "0.1.0"

[[package]]
name = "lc-0567-permutation-in-string"
version = "0.1.0"

[[package]]
name = "lc-0641-circular-dequeue"
version = "0.1.0"

[[package]]
name = "lc-1371-longestsubstreven"
version = "0.1.0"

[[package]]
name = "lc-1381-design-stack-with-increment"
version = "0.1.0"

[[package]]
name = "lc-1497-array-pairs-divisible"
version = "0.1.0"

[[package]]
name = "lc-1545-kth-bit-in-kth-binary-string"
version = "0.1.0"

[[package]]
name = "lc-2109-adding-spaces"
version = "0.1.0"

[[package]]
name = "lc-2491-teams-of-equal-skill"
version = "0.1.0"
