# This file is automatically @generated by Cargo.
# It is not intended for manual editing.
version = 3

[[package]]
name = "lc-0001-twosum"
version = "0.1.0"

[[package]]
name = "lc-0002-addtwonumbers"
version = "0.1.0"

[[package]]
name = "lc-0011-mostwater"
version = "0.1.0"

[[package]]
name = "lc-0432-all-one-data-structure"
version = "0.1.0"

[[package]]
name = "lc-0641-circular-dequeue"
version = "0.1.0"

[[package]]
name = "lc-1371-longestsubstreven"
version = "0.1.0"

[[package]]
name = "lc-1381-design-stack-with-increment"
version = "0.1.0"

[[package]]
name = "lc-1497-array-pairs-divisible"
version = "0.1.0"
